// !$*UTF8*$!
{
	archiveVersion = 1;
	classes = {
	};
	objectVersion = 46;
	objects = {

/* Begin PBXBuildFile section */
		A0482AFF1E00696F005BCD36 /* AppDelegate.swift in Sources */ = {isa = PBXBuildFile; fileRef = A0482AFE1E00696F005BCD36 /* AppDelegate.swift */; };
		A0482B011E00696F005BCD36 /* ViewController.swift in Sources */ = {isa = PBXBuildFile; fileRef = A0482B001E00696F005BCD36 /* ViewController.swift */; };
		A0482B041E00696F005BCD36 /* Main.storyboard in Resources */ = {isa = PBXBuildFile; fileRef = A0482B021E00696F005BCD36 /* Main.storyboard */; };
		A0482B061E00696F005BCD36 /* Assets.xcassets in Resources */ = {isa = PBXBuildFile; fileRef = A0482B051E00696F005BCD36 /* Assets.xcassets */; };
		A0482B091E00696F005BCD36 /* LaunchScreen.storyboard in Resources */ = {isa = PBXBuildFile; fileRef = A0482B071E00696F005BCD36 /* LaunchScreen.storyboard */; };
/* End PBXBuildFile section */

/* Begin PBXFileReference section */
		A0482AFB1E00696F005BCD36 /* W7D2---SizeClassPractice.app */ = {isa = PBXFileReference; explicitFileType = wrapper.application; includeInIndex = 0; path = "W7D2---SizeClassPractice.app"; sourceTree = BUILT_PRODUCTS_DIR; };
		A0482AFE1E00696F005BCD36 /* AppDelegate.swift */ = {isa = PBXFileReference; lastKnownFileType = sourcecode.swift; path = AppDelegate.swift; sourceTree = "<group>"; };
		A0482B001E00696F005BCD36 /* ViewController.swift */ = {isa = PBXFileReference; lastKnownFileType = sourcecode.swift; path = ViewController.swift; sourceTree = "<group>"; };
		A0482B031E00696F005BCD36 /* Base */ = {isa = PBXFileReference; lastKnownFileType = file.storyboard; name = Base; path = Base.lproj/Main.storyboard; sourceTree = "<group>"; };
		A0482B051E00696F005BCD36 /* Assets.xcassets */ = {isa = PBXFileReference; lastKnownFileType = folder.assetcatalog; path = Assets.xcassets; sourceTree = "<group>"; };
		A0482B081E00696F005BCD36 /* Base */ = {isa = PBXFileReference; lastKnownFileType = file.storyboard; name = Base; path = Base.lproj/LaunchScreen.storyboard; sourceTree = "<group>"; };
		A0482B0A1E00696F005BCD36 /* Info.plist */ = {isa = PBXFileReference; lastKnownFileType = text.plist.xml; path = Info.plist; sourceTree = "<group>"; };
/* End PBXFileReference section */

/* Begin PBXFrameworksBuildPhase section */
		A0482AF81E00696F005BCD36 /* Frameworks */ = {
			isa = PBXFrameworksBuildPhase;
			buildActionMask = 2147483647;
			files = (
			);
			runOnlyForDeploymentPostprocessing = 0;
		};
/* End PBXFrameworksBuildPhase section */

/* Begin PBXGroup section */
		A0482AF21E00696F005BCD36 = {
			isa = PBXGroup;
			children = (
				A0482AFD1E00696F005BCD36 /* W7D2---SizeClassPractice */,
				A0482AFC1E00696F005BCD36 /* Products */,
			);
			sourceTree = "<group>";
		};
		A0482AFC1E00696F005BCD36 /* Products */ = {
			isa = PBXGroup;
			children = (
				A0482AFB1E00696F005BCD36 /* W7D2---SizeClassPractice.app */,
			);
			name = Products;
			sourceTree = "<group>";
		};
		A0482AFD1E00696F005BCD36 /* W7D2---SizeClassPractice */ = {
			isa = PBXGroup;
			children = (
				A0482AFE1E00696F005BCD36 /* AppDelegate.swift */,
				A0482B001E00696F005BCD36 /* ViewController.swift */,
				A0482B021E00696F005BCD36 /* Main.storyboard */,
				A0482B051E00696F005BCD36 /* Assets.xcassets */,
				A0482B071E00696F005BCD36 /* LaunchScreen.storyboard */,
				A0482B0A1E00696F005BCD36 /* Info.plist */,
			);
			path = "W7D2---SizeClassPractice";
			sourceTree = "<group>";
		};
/* End PBXGroup section */

/* Begin PBXNativeTarget section */
		A0482AFA1E00696F005BCD36 /* W7D2---SizeClassPractice */ = {
			isa = PBXNativeTarget;
			buildConfigurationList = A0482B0D1E00696F005BCD36 /* Build configuration list for PBXNativeTarget "W7D2---SizeClassPractice" */;
			buildPhases = (
				A0482AF71E00696F005BCD36 /* Sources */,
				A0482AF81E00696F005BCD36 /* Frameworks */,
				A0482AF91E00696F005BCD36 /* Resources */,
			);
			buildRules = (
			);
			dependencies = (
			);
			name = "W7D2---SizeClassPractice";
			productName = "W7D2---SizeClassPractice";
			productReference = A0482AFB1E00696F005BCD36 /* W7D2---SizeClassPractice.app */;
			productType = "com.apple.product-type.application";
		};
/* End PBXNativeTarget section */

/* Begin PBXProject section */
		A0482AF31E00696F005BCD36 /* Project object */ = {
			isa = PBXProject;
			attributes = {
				LastSwiftUpdateCheck = 0810;
				LastUpgradeCheck = 0810;
				ORGANIZATIONNAME = "Dylan-McCrindle";
				TargetAttributes = {
					A0482AFA1E00696F005BCD36 = {
						CreatedOnToolsVersion = 8.1;
						ProvisioningStyle = Automatic;
					};
				};
			};
			buildConfigurationList = A0482AF61E00696F005BCD36 /* Build configuration list for PBXProject "W7D2---SizeClassPractice" */;
			compatibilityVersion = "Xcode 3.2";
			developmentRegion = English;
			hasScannedForEncodings = 0;
			knownRegions = (
				en,
				Base,
			);
			mainGroup = A0482AF21E00696F005BCD36;
			productRefGroup = A0482AFC1E00696F005BCD36 /* Products */;
			projectDirPath = "";
			projectRoot = "";
			targets = (
				A0482AFA1E00696F005BCD36 /* W7D2---SizeClassPractice */,
			);
		};
/* End PBXProject section */

/* Begin PBXResourcesBuildPhase section */
		A0482AF91E00696F005BCD36 /* Resources */ = {
			isa = PBXResourcesBuildPhase;
			buildActionMask = 2147483647;
			files = (
				A0482B091E00696F005BCD36 /* LaunchScreen.storyboard in Resources */,
				A0482B061E00696F005BCD36 /* Assets.xcassets in Resources */,
				A0482B041E00696F005BCD36 /* Main.storyboard in Resources */,
			);
			runOnlyForDeploymentPostprocessing = 0;
		};
/* End PBXResourcesBuildPhase section */

/* Begin PBXSourcesBuildPhase section */
		A0482AF71E00696F005BCD36 /* Sources */ = {
			isa = PBXSourcesBuildPhase;
			buildActionMask = 2147483647;
			files = (
				A0482B011E00696F005BCD36 /* ViewController.swift in Sources */,
				A0482AFF1E00696F005BCD36 /* AppDelegate.swift in Sources */,
			);
			runOnlyForDeploymentPostprocessing = 0;
		};
/* End PBXSourcesBuildPhase section */

/* Begin PBXVariantGroup section */
		A0482B021E00696F005BCD36 /* Main.storyboard */ = {
			isa = PBXVariantGroup;
			children = (
				A0482B031E00696F005BCD36 /* Base */,
			);
			name = Main.storyboard;
			sourceTree = "<group>";
		};
		A0482B071E00696F005BCD36 /* LaunchScreen.storyboard */ = {
			isa = PBXVariantGroup;
			children = (
				A0482B081E00696F005BCD36 /* Base */,
			);
			name = LaunchScreen.storyboard;
			sourceTree = "<group>";
		};
/* End PBXVariantGroup section */

/* Begin XCBuildConfiguration section */
		A0482B0B1E00696F005BCD36 /* Debug */ = {
			isa = XCBuildConfiguration;
			buildSettings = {
				ALWAYS_SEARCH_USER_PATHS = NO;
				CLANG_ANALYZER_NONNULL = YES;
				CLANG_CXX_LANGUAGE_STANDARD = "gnu++0x";
				CLANG_CXX_LIBRARY = "libc++";
				CLANG_ENABLE_MODULES = YES;
				CLANG_ENABLE_OBJC_ARC = YES;
				CLANG_WARN_BOOL_CONVERSION = YES;
				CLANG_WARN_CONSTANT_CONVERSION = YES;
				CLANG_WARN_DIRECT_OBJC_ISA_USAGE = YES_ERROR;
				CLANG_WARN_DOCUMENTATION_COMMENTS = YES;
				CLANG_WARN_EMPTY_BODY = YES;
				CLANG_WARN_ENUM_CONVERSION = YES;
				CLANG_WARN_INFINITE_RECURSION = YES;
				CLANG_WARN_INT_CONVERSION = YES;
				CLANG_WARN_OBJC_ROOT_CLASS = YES_ERROR;
				CLANG_WARN_SUSPICIOUS_MOVES = YES;
				CLANG_WARN_UNREACHABLE_CODE = YES;
				CLANG_WARN__DUPLICATE_METHOD_MATCH = YES;
				"CODE_SIGN_IDENTITY[sdk=iphoneos*]" = "iPhone Developer";
				COPY_PHASE_STRIP = NO;
				DEBUG_INFORMATION_FORMAT = dwarf;
				ENABLE_STRICT_OBJC_MSGSEND = YES;
				ENABLE_TESTABILITY = YES;
				GCC_C_LANGUAGE_STANDARD = gnu99;
				GCC_DYNAMIC_NO_PIC = NO;
				GCC_NO_COMMON_BLOCKS = YES;
				GCC_OPTIMIZATION_LEVEL = 0;
				GCC_PREPROCESSOR_DEFINITIONS = (
					"DEBUG=1",
					"$(inherited)",
				);
				GCC_WARN_64_TO_32_BIT_CONVERSION = YES;
				GCC_WARN_ABOUT_RETURN_TYPE = YES_ERROR;
				GCC_WARN_UNDECLARED_SELECTOR = YES;
				GCC_WARN_UNINITIALIZED_AUTOS = YES_AGGRESSIVE;
				GCC_WARN_UNUSED_FUNCTION = YES;
				GCC_WARN_UNUSED_VARIABLE = YES;
				IPHONEOS_DEPLOYMENT_TARGET = 10.1;
				MTL_ENABLE_DEBUG_INFO = YES;
				ONLY_ACTIVE_ARCH = YES;
				SDKROOT = iphoneos;
				SWIFT_ACTIVE_COMPILATION_CONDITIONS = DEBUG;
				SWIFT_OPTIMIZATION_LEVEL = "-Onone";
				TARGETED_DEVICE_FAMILY = "1,2";
			};
			name = Debug;
		};
		A0482B0C1E00696F005BCD36 /* Release */ = {
			isa = XCBuildConfiguration;
			buildSettings = {
				ALWAYS_SEARCH_USER_PATHS = NO;
				CLANG_ANALYZER_NONNULL = YES;
				CLANG_CXX_LANGUAGE_STANDARD = "gnu++0x";
				CLANG_CXX_LIBRARY = "libc++";
				CLANG_ENABLE_MODULES = YES;
				CLANG_ENABLE_OBJC_ARC = YES;
				CLANG_WARN_BOOL_CONVERSION = YES;
				CLANG_WARN_CONSTANT_CONVERSION = YES;
				CLANG_WARN_DIRECT_OBJC_ISA_USAGE = YES_ERROR;
				CLANG_WARN_DOCUMENTATION_COMMENTS = YES;
				CLANG_WARN_EMPTY_BODY = YES;
				CLANG_WARN_ENUM_CONVERSION = YES;
				CLANG_WARN_INFINITE_RECURSION = YES;
				CLANG_WARN_INT_CONVERSION = YES;
				CLANG_WARN_OBJC_ROOT_CLASS = YES_ERROR;
				CLANG_WARN_SUSPICIOUS_MOVES = YES;
				CLANG_WARN_UNREACHABLE_CODE = YES;
				CLANG_WARN__DUPLICATE_METHOD_MATCH = YES;
				"CODE_SIGN_IDENTITY[sdk=iphoneos*]" = "iPhone Developer";
				COPY_PHASE_STRIP = NO;
				DEBUG_INFORMATION_FORMAT = "dwarf-with-dsym";
				ENABLE_NS_ASSERTIONS = NO;
				ENABLE_STRICT_OBJC_MSGSEND = YES;
				GCC_C_LANGUAGE_STANDARD = gnu99;
				GCC_NO_COMMON_BLOCKS = YES;
				GCC_WARN_64_TO_32_BIT_CONVERSION = YES;
				GCC_WARN_ABOUT_RETURN_TYPE = YES_ERROR;
				GCC_WARN_UNDECLARED_SELECTOR = YES;
				GCC_WARN_UNINITIALIZED_AUTOS = YES_AGGRESSIVE;
				GCC_WARN_UNUSED_FUNCTION = YES;
				GCC_WARN_UNUSED_VARIABLE = YES;
				IPHONEOS_DEPLOYMENT_TARGET = 10.1;
				MTL_ENABLE_DEBUG_INFO = NO;
				SDKROOT = iphoneos;
				SWIFT_OPTIMIZATION_LEVEL = "-Owholemodule";
				TARGETED_DEVICE_FAMILY = "1,2";
				VALIDATE_PRODUCT = YES;
			};
			name = Release;
		};
		A0482B0E1E00696F005BCD36 /* Debug */ = {
			isa = XCBuildConfiguration;
			buildSettings = {
				ASSETCATALOG_COMPILER_APPICON_NAME = AppIcon;
				INFOPLIST_FILE = "W7D2---SizeClassPractice/Info.plist";
				LD_RUNPATH_SEARCH_PATHS = "$(inherited) @executable_path/Frameworks";
				PRODUCT_BUNDLE_IDENTIFIER = "DM.W7D2---SizeClassPractice";
				PRODUCT_NAME = "$(TARGET_NAME)";
				SWIFT_VERSION = 3.0;
			};
			name = Debug;
		};
		A0482B0F1E00696F005BCD36 /* Release */ = {
			isa = XCBuildConfiguration;
			buildSettings = {
				ASSETCATALOG_COMPILER_APPICON_NAME = AppIcon;
				INFOPLIST_FILE = "W7D2---SizeClassPractice/Info.plist";
				LD_RUNPATH_SEARCH_PATHS = "$(inherited) @executable_path/Frameworks";
				PRODUCT_BUNDLE_IDENTIFIER = "DM.W7D2---SizeClassPractice";
				PRODUCT_NAME = "$(TARGET_NAME)";
				SWIFT_VERSION = 3.0;
			};
			name = Release;
		};
/* End XCBuildConfiguration section */

/* Begin XCConfigurationList section */
		A0482AF61E00696F005BCD36 /* Build configuration list for PBXProject "W7D2---SizeClassPractice" */ = {
			isa = XCConfigurationList;
			buildConfigurations = (
				A0482B0B1E00696F005BCD36 /* Debug */,
				A0482B0C1E00696F005BCD36 /* Release */,
			);
			defaultConfigurationIsVisible = 0;
			defaultConfigurationName = Release;
		};
		A0482B0D1E00696F005BCD36 /* Build configuration list for PBXNativeTarget "W7D2---SizeClassPractice" */ = {
			isa = XCConfigurationList;
			buildConfigurations = (
				A0482B0E1E00696F005BCD36 /* Debug */,
				A0482B0F1E00696F005BCD36 /* Release */,
			);
			defaultConfigurationIsVisible = 0;
		};
/* End XCConfigurationList section */
	};
	rootObject = A0482AF31E00696F005BCD36 /* Project object */;
}
